
Microsoft Visual Studio Solution File, Format Version 12.00
# Visual Studio Version 17
VisualStudioVersion = 17.8.34330.188
MinimumVisualStudioVersion = 10.0.40219.1
Project("{FAE04EC0-301F-11D3-BF4B-00C04F79EFBC}") = "GasStation", "GasStation.csproj", "{DCB5C4BD-2498-4EFB-82BC-C912DC62E817}"
EndProject
Global
	GlobalSection(SolutionConfigurationPlatforms) = preSolution
		Debug|Any CPU = Debug|Any CPU
		Release|Any CPU = Release|Any CPU
	EndGlobalSection
	GlobalSection(ProjectConfigurationPlatforms) = postSolution
		{DCB5C4BD-2498-4EFB-82BC-C912DC62E817}.Debug|Any CPU.ActiveCfg = Debug|Any CPU
		{DCB5C4BD-2498-4EFB-82BC-C912DC62E817}.Debug|Any CPU.Build.0 = Debug|Any CPU
		{DCB5C4BD-2498-4EFB-82BC-C912DC62E817}.Release|Any CPU.ActiveCfg = Release|Any CPU
		{DCB5C4BD-2498-4EFB-82BC-C912DC62E817}.Release|Any CPU.Build.0 = Release|Any CPU
	EndGlobalSection
	GlobalSection(SolutionProperties) = preSolution
		HideSolutionNode = FALSE
	EndGlobalSection
	GlobalSection(ExtensibilityGlobals) = postSolution
		SolutionGuid = {ACA3E241-27FF-4428-87EF-FF41BE7C6FC8}
	EndGlobalSection
EndGlobal
